
Microsoft Visual Studio Solution File, Format Version 12.00
# Visual Studio Version 16
VisualStudioVersion = 16.0.34902.97
MinimumVisualStudioVersion = 10.0.40219.1
Project("{FAE04EC0-301F-11D3-BF4B-00C04F79EFBC}") = "Camera Test Suite", "Camera Test Suite.csproj", "{B6E99F6B-7559-4D3B-B71D-FEB63172FC45}"
EndProject
Global
	GlobalSection(SolutionConfigurationPlatforms) = preSolution
		Debug|Any CPU = Debug|Any CPU
		Release|Any CPU = Release|Any CPU
	EndGlobalSection
	GlobalSection(ProjectConfigurationPlatforms) = postSolution
		{B6E99F6B-7559-4D3B-B71D-FEB63172FC45}.Debug|Any CPU.ActiveCfg = Debug|Any CPU
		{B6E99F6B-7559-4D3B-B71D-FEB63172FC45}.Debug|Any CPU.Build.0 = Debug|Any CPU
		{B6E99F6B-7559-4D3B-B71D-FEB63172FC45}.Release|Any CPU.ActiveCfg = Release|Any CPU
		{B6E99F6B-7559-4D3B-B71D-FEB63172FC45}.Release|Any CPU.Build.0 = Release|Any CPU
	EndGlobalSection
	GlobalSection(SolutionProperties) = preSolution
		HideSolutionNode = FALSE
	EndGlobalSection
	GlobalSection(ExtensibilityGlobals) = postSolution
		SolutionGuid = {48A357DC-25BA-4956-84F7-94DBCB7C71D4}
	EndGlobalSection
EndGlobal
